// !$*UTF8*$!
{
	archiveVersion = 1;
	classes = {
	};
	objectVersion = 56;
	objects = {

/* Begin PBXBuildFile section */
		5F4FC16D2A17DD5200609738 /* UserCredentials.swift in Sources */ = {isa = PBXBuildFile; fileRef = 5F4FC16C2A17DD5200609738 /* UserCredentials.swift */; };
		5F4FC16F2A17DD7E00609738 /* SignUpViewModel.swift in Sources */ = {isa = PBXBuildFile; fileRef = 5F4FC16E2A17DD7E00609738 /* SignUpViewModel.swift */; };
		7C14E1FB2A0D411700012B5A /* AliasFrontendApp.swift in Sources */ = {isa = PBXBuildFile; fileRef = 7C14E1FA2A0D411700012B5A /* AliasFrontendApp.swift */; };
		7C14E1FD2A0D411700012B5A /* ContentView.swift in Sources */ = {isa = PBXBuildFile; fileRef = 7C14E1FC2A0D411700012B5A /* ContentView.swift */; };
		7C14E1FF2A0D411800012B5A /* Assets.xcassets in Resources */ = {isa = PBXBuildFile; fileRef = 7C14E1FE2A0D411800012B5A /* Assets.xcassets */; };
		7C14E2022A0D411900012B5A /* Preview Assets.xcassets in Resources */ = {isa = PBXBuildFile; fileRef = 7C14E2012A0D411900012B5A /* Preview Assets.xcassets */; };
		7C4164BD2A0E83FD000DB103 /* Login.swift in Sources */ = {isa = PBXBuildFile; fileRef = 7C4164BC2A0E83FD000DB103 /* Login.swift */; };
		7C4164BF2A0E8696000DB103 /* StartPage.swift in Sources */ = {isa = PBXBuildFile; fileRef = 7C4164BE2A0E8696000DB103 /* StartPage.swift */; };
		7C4164C12A0E8AC0000DB103 /* SignUpView.swift in Sources */ = {isa = PBXBuildFile; fileRef = 7C4164C02A0E8AC0000DB103 /* SignUpView.swift */; };
		7CCCDE652A1562F800C88135 /* TabBarView.swift in Sources */ = {isa = PBXBuildFile; fileRef = 7CCCDE642A1562F800C88135 /* TabBarView.swift */; };
		7CCCDE672A15637400C88135 /* Main.swift in Sources */ = {isa = PBXBuildFile; fileRef = 7CCCDE662A15637400C88135 /* Main.swift */; };
		7CDAC2E32A17946F00EDE017 /* RoomSettings.swift in Sources */ = {isa = PBXBuildFile; fileRef = 7CDAC2E22A17946F00EDE017 /* RoomSettings.swift */; };
/* End PBXBuildFile section */

/* Begin PBXFileReference section */
		5F4FC16C2A17DD5200609738 /* UserCredentials.swift */ = {isa = PBXFileReference; lastKnownFileType = sourcecode.swift; path = UserCredentials.swift; sourceTree = "<group>"; };
		5F4FC16E2A17DD7E00609738 /* SignUpViewModel.swift */ = {isa = PBXFileReference; lastKnownFileType = sourcecode.swift; path = SignUpViewModel.swift; sourceTree = "<group>"; };
		7C14E1F72A0D411700012B5A /* AliasFrontend.app */ = {isa = PBXFileReference; explicitFileType = wrapper.application; includeInIndex = 0; path = AliasFrontend.app; sourceTree = BUILT_PRODUCTS_DIR; };
		7C14E1FA2A0D411700012B5A /* AliasFrontendApp.swift */ = {isa = PBXFileReference; lastKnownFileType = sourcecode.swift; path = AliasFrontendApp.swift; sourceTree = "<group>"; };
		7C14E1FC2A0D411700012B5A /* ContentView.swift */ = {isa = PBXFileReference; lastKnownFileType = sourcecode.swift; path = ContentView.swift; sourceTree = "<group>"; };
		7C14E1FE2A0D411800012B5A /* Assets.xcassets */ = {isa = PBXFileReference; lastKnownFileType = folder.assetcatalog; path = Assets.xcassets; sourceTree = "<group>"; };
		7C14E2012A0D411900012B5A /* Preview Assets.xcassets */ = {isa = PBXFileReference; lastKnownFileType = folder.assetcatalog; path = "Preview Assets.xcassets"; sourceTree = "<group>"; };
		7C4164BC2A0E83FD000DB103 /* Login.swift */ = {isa = PBXFileReference; lastKnownFileType = sourcecode.swift; path = Login.swift; sourceTree = "<group>"; };
		7C4164BE2A0E8696000DB103 /* StartPage.swift */ = {isa = PBXFileReference; lastKnownFileType = sourcecode.swift; path = StartPage.swift; sourceTree = "<group>"; };
		7C4164C02A0E8AC0000DB103 /* SignUpView.swift */ = {isa = PBXFileReference; lastKnownFileType = sourcecode.swift; path = SignUpView.swift; sourceTree = "<group>"; };
		7CCCDE642A1562F800C88135 /* TabBarView.swift */ = {isa = PBXFileReference; lastKnownFileType = sourcecode.swift; path = TabBarView.swift; sourceTree = "<group>"; };
		7CCCDE662A15637400C88135 /* Main.swift */ = {isa = PBXFileReference; lastKnownFileType = sourcecode.swift; path = Main.swift; sourceTree = "<group>"; };
		7CDAC2E22A17946F00EDE017 /* RoomSettings.swift */ = {isa = PBXFileReference; fileEncoding = 4; lastKnownFileType = sourcecode.swift; path = RoomSettings.swift; sourceTree = "<group>"; };
/* End PBXFileReference section */

/* Begin PBXFrameworksBuildPhase section */
		7C14E1F42A0D411700012B5A /* Frameworks */ = {
			isa = PBXFrameworksBuildPhase;
			buildActionMask = 2147483647;
			files = (
			);
			runOnlyForDeploymentPostprocessing = 0;
		};
/* End PBXFrameworksBuildPhase section */

/* Begin PBXGroup section */
		5F4FC1702A18163500609738 /* Model */ = {
			isa = PBXGroup;
			children = (
				5F4FC16E2A17DD7E00609738 /* SignUpViewModel.swift */,
				5F4FC16C2A17DD5200609738 /* UserCredentials.swift */,
			);
			path = Model;
			sourceTree = "<group>";
		};
		7C14E1EE2A0D411700012B5A = {
			isa = PBXGroup;
			children = (
				7C14E1F92A0D411700012B5A /* AliasFrontend */,
				7C14E1F82A0D411700012B5A /* Products */,
			);
			sourceTree = "<group>";
		};
		7C14E1F82A0D411700012B5A /* Products */ = {
			isa = PBXGroup;
			children = (
				7C14E1F72A0D411700012B5A /* AliasFrontend.app */,
			);
			name = Products;
			sourceTree = "<group>";
		};
		7C14E1F92A0D411700012B5A /* AliasFrontend */ = {
			isa = PBXGroup;
			children = (
				5F4FC1702A18163500609738 /* Model */,
				7C14E1FC2A0D411700012B5A /* ContentView.swift */,
				7C14E1FE2A0D411800012B5A /* Assets.xcassets */,
				7C14E2002A0D411900012B5A /* Preview Content */,
				7C4164BC2A0E83FD000DB103 /* Login.swift */,
				7C4164BE2A0E8696000DB103 /* StartPage.swift */,
				7C4164C02A0E8AC0000DB103 /* SignUpView.swift */,
				7CCCDE642A1562F800C88135 /* TabBarView.swift */,
				7CCCDE662A15637400C88135 /* Main.swift */,
				7CDAC2E22A17946F00EDE017 /* RoomSettings.swift */,
				7C14E1FA2A0D411700012B5A /* AliasFrontendApp.swift */,
			);
			path = AliasFrontend;
			sourceTree = "<group>";
		};
		7C14E2002A0D411900012B5A /* Preview Content */ = {
			isa = PBXGroup;
			children = (
				7C14E2012A0D411900012B5A /* Preview Assets.xcassets */,
			);
			path = "Preview Content";
			sourceTree = "<group>";
		};
/* End PBXGroup section */

/* Begin PBXNativeTarget section */
		7C14E1F62A0D411700012B5A /* AliasFrontend */ = {
			isa = PBXNativeTarget;
			buildConfigurationList = 7C14E2052A0D411900012B5A /* Build configuration list for PBXNativeTarget "AliasFrontend" */;
			buildPhases = (
				7C14E1F32A0D411700012B5A /* Sources */,
				7C14E1F42A0D411700012B5A /* Frameworks */,
				7C14E1F52A0D411700012B5A /* Resources */,
			);
			buildRules = (
			);
			dependencies = (
			);
			name = AliasFrontend;
			productName = AliasFrontend;
			productReference = 7C14E1F72A0D411700012B5A /* AliasFrontend.app */;
			productType = "com.apple.product-type.application";
		};
/* End PBXNativeTarget section */

/* Begin PBXProject section */
		7C14E1EF2A0D411700012B5A /* Project object */ = {
			isa = PBXProject;
			attributes = {
				BuildIndependentTargetsInParallel = 1;
				LastSwiftUpdateCheck = 1420;
				LastUpgradeCheck = 1420;
				TargetAttributes = {
					7C14E1F62A0D411700012B5A = {
						CreatedOnToolsVersion = 14.2;
					};
				};
			};
			buildConfigurationList = 7C14E1F22A0D411700012B5A /* Build configuration list for PBXProject "AliasFrontend" */;
			compatibilityVersion = "Xcode 14.0";
			developmentRegion = en;
			hasScannedForEncodings = 0;
			knownRegions = (
				en,
				Base,
			);
			mainGroup = 7C14E1EE2A0D411700012B5A;
			productRefGroup = 7C14E1F82A0D411700012B5A /* Products */;
			projectDirPath = "";
			projectRoot = "";
			targets = (
				7C14E1F62A0D411700012B5A /* AliasFrontend */,
			);
		};
/* End PBXProject section */

/* Begin PBXResourcesBuildPhase section */
		7C14E1F52A0D411700012B5A /* Resources */ = {
			isa = PBXResourcesBuildPhase;
			buildActionMask = 2147483647;
			files = (
				7C14E2022A0D411900012B5A /* Preview Assets.xcassets in Resources */,
				7C14E1FF2A0D411800012B5A /* Assets.xcassets in Resources */,
			);
			runOnlyForDeploymentPostprocessing = 0;
		};
/* End PBXResourcesBuildPhase section */

/* Begin PBXSourcesBuildPhase section */
		7C14E1F32A0D411700012B5A /* Sources */ = {
			isa = PBXSourcesBuildPhase;
			buildActionMask = 2147483647;
			files = (
				7CDAC2E32A17946F00EDE017 /* RoomSettings.swift in Sources */,
				7C4164BD2A0E83FD000DB103 /* Login.swift in Sources */,
				5F4FC16F2A17DD7E00609738 /* SignUpViewModel.swift in Sources */,
				7C4164C12A0E8AC0000DB103 /* SignUpView.swift in Sources */,
				7C4164BF2A0E8696000DB103 /* StartPage.swift in Sources */,
				7C14E1FD2A0D411700012B5A /* ContentView.swift in Sources */,
				5F4FC16D2A17DD5200609738 /* UserCredentials.swift in Sources */,
				7CCCDE652A1562F800C88135 /* TabBarView.swift in Sources */,
				7CCCDE672A15637400C88135 /* Main.swift in Sources */,
				7C14E1FB2A0D411700012B5A /* AliasFrontendApp.swift in Sources */,
			);
			runOnlyForDeploymentPostprocessing = 0;
		};
/* End PBXSourcesBuildPhase section */

/* Begin XCBuildConfiguration section */
		7C14E2032A0D411900012B5A /* Debug */ = {
			isa = XCBuildConfiguration;
			buildSettings = {
				ALWAYS_SEARCH_USER_PATHS = NO;
				CLANG_ANALYZER_NONNULL = YES;
				CLANG_ANALYZER_NUMBER_OBJECT_CONVERSION = YES_AGGRESSIVE;
				CLANG_CXX_LANGUAGE_STANDARD = "gnu++20";
				CLANG_ENABLE_MODULES = YES;
				CLANG_ENABLE_OBJC_ARC = YES;
				CLANG_ENABLE_OBJC_WEAK = YES;
				CLANG_WARN_BLOCK_CAPTURE_AUTORELEASING = YES;
				CLANG_WARN_BOOL_CONVERSION = YES;
				CLANG_WARN_COMMA = YES;
				CLANG_WARN_CONSTANT_CONVERSION = YES;
				CLANG_WARN_DEPRECATED_OBJC_IMPLEMENTATIONS = YES;
				CLANG_WARN_DIRECT_OBJC_ISA_USAGE = YES_ERROR;
				CLANG_WARN_DOCUMENTATION_COMMENTS = YES;
				CLANG_WARN_EMPTY_BODY = YES;
				CLANG_WARN_ENUM_CONVERSION = YES;
				CLANG_WARN_INFINITE_RECURSION = YES;
				CLANG_WARN_INT_CONVERSION = YES;
				CLANG_WARN_NON_LITERAL_NULL_CONVERSION = YES;
				CLANG_WARN_OBJC_IMPLICIT_RETAIN_SELF = YES;
				CLANG_WARN_OBJC_LITERAL_CONVERSION = YES;
				CLANG_WARN_OBJC_ROOT_CLASS = YES_ERROR;
				CLANG_WARN_QUOTED_INCLUDE_IN_FRAMEWORK_HEADER = YES;
				CLANG_WARN_RANGE_LOOP_ANALYSIS = YES;
				CLANG_WARN_STRICT_PROTOTYPES = YES;
				CLANG_WARN_SUSPICIOUS_MOVE = YES;
				CLANG_WARN_UNGUARDED_AVAILABILITY = YES_AGGRESSIVE;
				CLANG_WARN_UNREACHABLE_CODE = YES;
				CLANG_WARN__DUPLICATE_METHOD_MATCH = YES;
				COPY_PHASE_STRIP = NO;
				DEBUG_INFORMATION_FORMAT = dwarf;
				ENABLE_STRICT_OBJC_MSGSEND = YES;
				ENABLE_TESTABILITY = YES;
				GCC_C_LANGUAGE_STANDARD = gnu11;
				GCC_DYNAMIC_NO_PIC = NO;
				GCC_NO_COMMON_BLOCKS = YES;
				GCC_OPTIMIZATION_LEVEL = 0;
				GCC_PREPROCESSOR_DEFINITIONS = (
					"DEBUG=1",
					"$(inherited)",
				);
				GCC_WARN_64_TO_32_BIT_CONVERSION = YES;
				GCC_WARN_ABOUT_RETURN_TYPE = YES_ERROR;
				GCC_WARN_UNDECLARED_SELECTOR = YES;
				GCC_WARN_UNINITIALIZED_AUTOS = YES_AGGRESSIVE;
				GCC_WARN_UNUSED_FUNCTION = YES;
				GCC_WARN_UNUSED_VARIABLE = YES;
				IPHONEOS_DEPLOYMENT_TARGET = 16.2;
				MTL_ENABLE_DEBUG_INFO = INCLUDE_SOURCE;
				MTL_FAST_MATH = YES;
				ONLY_ACTIVE_ARCH = YES;
				SDKROOT = iphoneos;
				SWIFT_ACTIVE_COMPILATION_CONDITIONS = DEBUG;
				SWIFT_OPTIMIZATION_LEVEL = "-Onone";
			};
			name = Debug;
		};
		7C14E2042A0D411900012B5A /* Release */ = {
			isa = XCBuildConfiguration;
			buildSettings = {
				ALWAYS_SEARCH_USER_PATHS = NO;
				CLANG_ANALYZER_NONNULL = YES;
				CLANG_ANALYZER_NUMBER_OBJECT_CONVERSION = YES_AGGRESSIVE;
				CLANG_CXX_LANGUAGE_STANDARD = "gnu++20";
				CLANG_ENABLE_MODULES = YES;
				CLANG_ENABLE_OBJC_ARC = YES;
				CLANG_ENABLE_OBJC_WEAK = YES;
				CLANG_WARN_BLOCK_CAPTURE_AUTORELEASING = YES;
				CLANG_WARN_BOOL_CONVERSION = YES;
				CLANG_WARN_COMMA = YES;
				CLANG_WARN_CONSTANT_CONVERSION = YES;
				CLANG_WARN_DEPRECATED_OBJC_IMPLEMENTATIONS = YES;
				CLANG_WARN_DIRECT_OBJC_ISA_USAGE = YES_ERROR;
				CLANG_WARN_DOCUMENTATION_COMMENTS = YES;
				CLANG_WARN_EMPTY_BODY = YES;
				CLANG_WARN_ENUM_CONVERSION = YES;
				CLANG_WARN_INFINITE_RECURSION = YES;
				CLANG_WARN_INT_CONVERSION = YES;
				CLANG_WARN_NON_LITERAL_NULL_CONVERSION = YES;
				CLANG_WARN_OBJC_IMPLICIT_RETAIN_SELF = YES;
				CLANG_WARN_OBJC_LITERAL_CONVERSION = YES;
				CLANG_WARN_OBJC_ROOT_CLASS = YES_ERROR;
				CLANG_WARN_QUOTED_INCLUDE_IN_FRAMEWORK_HEADER = YES;
				CLANG_WARN_RANGE_LOOP_ANALYSIS = YES;
				CLANG_WARN_STRICT_PROTOTYPES = YES;
				CLANG_WARN_SUSPICIOUS_MOVE = YES;
				CLANG_WARN_UNGUARDED_AVAILABILITY = YES_AGGRESSIVE;
				CLANG_WARN_UNREACHABLE_CODE = YES;
				CLANG_WARN__DUPLICATE_METHOD_MATCH = YES;
				COPY_PHASE_STRIP = NO;
				DEBUG_INFORMATION_FORMAT = "dwarf-with-dsym";
				ENABLE_NS_ASSERTIONS = NO;
				ENABLE_STRICT_OBJC_MSGSEND = YES;
				GCC_C_LANGUAGE_STANDARD = gnu11;
				GCC_NO_COMMON_BLOCKS = YES;
				GCC_WARN_64_TO_32_BIT_CONVERSION = YES;
				GCC_WARN_ABOUT_RETURN_TYPE = YES_ERROR;
				GCC_WARN_UNDECLARED_SELECTOR = YES;
				GCC_WARN_UNINITIALIZED_AUTOS = YES_AGGRESSIVE;
				GCC_WARN_UNUSED_FUNCTION = YES;
				GCC_WARN_UNUSED_VARIABLE = YES;
				IPHONEOS_DEPLOYMENT_TARGET = 16.2;
				MTL_ENABLE_DEBUG_INFO = NO;
				MTL_FAST_MATH = YES;
				SDKROOT = iphoneos;
				SWIFT_COMPILATION_MODE = wholemodule;
				SWIFT_OPTIMIZATION_LEVEL = "-O";
				VALIDATE_PRODUCT = YES;
			};
			name = Release;
		};
		7C14E2062A0D411900012B5A /* Debug */ = {
			isa = XCBuildConfiguration;
			buildSettings = {
				ASSETCATALOG_COMPILER_APPICON_NAME = AppIcon;
				ASSETCATALOG_COMPILER_GLOBAL_ACCENT_COLOR_NAME = AccentColor;
				CODE_SIGN_STYLE = Automatic;
				CURRENT_PROJECT_VERSION = 1;
				DEVELOPMENT_ASSET_PATHS = "\"AliasFrontend/Preview Content\"";
				ENABLE_PREVIEWS = YES;
				GENERATE_INFOPLIST_FILE = YES;
				INFOPLIST_KEY_UIApplicationSceneManifest_Generation = YES;
				INFOPLIST_KEY_UIApplicationSupportsIndirectInputEvents = YES;
				INFOPLIST_KEY_UILaunchScreen_Generation = YES;
				INFOPLIST_KEY_UISupportedInterfaceOrientations_iPad = "UIInterfaceOrientationPortrait UIInterfaceOrientationPortraitUpsideDown UIInterfaceOrientationLandscapeLeft UIInterfaceOrientationLandscapeRight";
				INFOPLIST_KEY_UISupportedInterfaceOrientations_iPhone = "UIInterfaceOrientationPortrait UIInterfaceOrientationLandscapeLeft UIInterfaceOrientationLandscapeRight";
				LD_RUNPATH_SEARCH_PATHS = (
					"$(inherited)",
					"@executable_path/Frameworks",
				);
				MARKETING_VERSION = 1.0;
				PRODUCT_BUNDLE_IDENTIFIER = hse.AliasFrontend;
				PRODUCT_NAME = "$(TARGET_NAME)";
				SWIFT_EMIT_LOC_STRINGS = YES;
				SWIFT_VERSION = 5.0;
				TARGETED_DEVICE_FAMILY = "1,2";
			};
			name = Debug;
		};
		7C14E2072A0D411900012B5A /* Release */ = {
			isa = XCBuildConfiguration;
			buildSettings = {
				ASSETCATALOG_COMPILER_APPICON_NAME = AppIcon;
				ASSETCATALOG_COMPILER_GLOBAL_ACCENT_COLOR_NAME = AccentColor;
				CODE_SIGN_STYLE = Automatic;
				CURRENT_PROJECT_VERSION = 1;
				DEVELOPMENT_ASSET_PATHS = "\"AliasFrontend/Preview Content\"";
				ENABLE_PREVIEWS = YES;
				GENERATE_INFOPLIST_FILE = YES;
				INFOPLIST_KEY_UIApplicationSceneManifest_Generation = YES;
				INFOPLIST_KEY_UIApplicationSupportsIndirectInputEvents = YES;
				INFOPLIST_KEY_UILaunchScreen_Generation = YES;
				INFOPLIST_KEY_UISupportedInterfaceOrientations_iPad = "UIInterfaceOrientationPortrait UIInterfaceOrientationPortraitUpsideDown UIInterfaceOrientationLandscapeLeft UIInterfaceOrientationLandscapeRight";
				INFOPLIST_KEY_UISupportedInterfaceOrientations_iPhone = "UIInterfaceOrientationPortrait UIInterfaceOrientationLandscapeLeft UIInterfaceOrientationLandscapeRight";
				LD_RUNPATH_SEARCH_PATHS = (
					"$(inherited)",
					"@executable_path/Frameworks",
				);
				MARKETING_VERSION = 1.0;
				PRODUCT_BUNDLE_IDENTIFIER = hse.AliasFrontend;
				PRODUCT_NAME = "$(TARGET_NAME)";
				SWIFT_EMIT_LOC_STRINGS = YES;
				SWIFT_VERSION = 5.0;
				TARGETED_DEVICE_FAMILY = "1,2";
			};
			name = Release;
		};
/* End XCBuildConfiguration section */

/* Begin XCConfigurationList section */
		7C14E1F22A0D411700012B5A /* Build configuration list for PBXProject "AliasFrontend" */ = {
			isa = XCConfigurationList;
			buildConfigurations = (
				7C14E2032A0D411900012B5A /* Debug */,
				7C14E2042A0D411900012B5A /* Release */,
			);
			defaultConfigurationIsVisible = 0;
			defaultConfigurationName = Release;
		};
		7C14E2052A0D411900012B5A /* Build configuration list for PBXNativeTarget "AliasFrontend" */ = {
			isa = XCConfigurationList;
			buildConfigurations = (
				7C14E2062A0D411900012B5A /* Debug */,
				7C14E2072A0D411900012B5A /* Release */,
			);
			defaultConfigurationIsVisible = 0;
			defaultConfigurationName = Release;
		};
/* End XCConfigurationList section */
	};
	rootObject = 7C14E1EF2A0D411700012B5A /* Project object */;
}
